uuid: 0de74d9e-5e99-4cf9-bd8b-52c7d28d6b2a
langcode: en
status: true
dependencies:
  module:
    - resource_management
    - system
  theme:
    - bartik
id: memberdetailsblock
theme: bartik
region: content
weight: 0
provider: null
plugin: member_details_block
settings:
  id: member_details_block
  label: 'Member Details Block'
  provider: resource_management
  label_display: visible
visibility:
  request_path:
    id: request_path
    pages: '<front>'
    negate: false
    context_mapping: {  }
